
Microsoft Visual Studio Solution File, Format Version 12.00
# Visual Studio Version 17
VisualStudioVersion = 17.4.33110.190
MinimumVisualStudioVersion = 10.0.40219.1
Project("{9A19103F-16F7-4668-BE54-9A1E7A4F7556}") = "BlazorWebAssemblyExample", "BlazorWebAssemblyExample\BlazorWebAssemblyExample.csproj", "{D133099F-9A46-47E5-8605-C0E0C416EB66}"
EndProject
Project("{9A19103F-16F7-4668-BE54-9A1E7A4F7556}") = "BlazorHostedAppExample.Server", "BlazorHostedAppExample\Server\BlazorHostedAppExample.Server.csproj", "{C4ED4258-837E-486D-A07F-B9EA61AAFCD9}"
EndProject
Project("{9A19103F-16F7-4668-BE54-9A1E7A4F7556}") = "BlazorHostedAppExample.Client", "BlazorHostedAppExample\Client\BlazorHostedAppExample.Client.csproj", "{19B05C8A-7BBB-4178-BDCD-6C27D48F3007}"
EndProject
Project("{9A19103F-16F7-4668-BE54-9A1E7A4F7556}") = "BlazorHostedAppExample.Shared", "BlazorHostedAppExample\Shared\BlazorHostedAppExample.Shared.csproj", "{FD39D9AC-0933-4A74-A849-23D320B2AFE8}"
EndProject
Project("{9A19103F-16F7-4668-BE54-9A1E7A4F7556}") = "BlazorServerExample", "BlazorServerExample\BlazorServerExample.csproj", "{476B29A3-60EE-4721-B551-33F084C0A6A5}"
EndProject
Project("{9A19103F-16F7-4668-BE54-9A1E7A4F7556}") = "BlazorWebAssemblyEmptyExample", "BlazorWebAssemblyEmptyExample\BlazorWebAssemblyEmptyExample.csproj", "{742AE024-2C7F-491D-A0CF-9DAC4BA6CAC7}"
EndProject
Project("{9A19103F-16F7-4668-BE54-9A1E7A4F7556}") = "BlazorServerEmptyExample", "BlazorServerEmptyExample\BlazorServerEmptyExample.csproj", "{40ED151C-1A75-4748-9C01-CF347814FF94}"
EndProject
Project("{9A19103F-16F7-4668-BE54-9A1E7A4F7556}") = "RazorClassLibraryExample", "RazorClassLibraryExample\RazorClassLibraryExample.csproj", "{0C47C72F-5240-4C6F-8620-C33A71EC5291}"
EndProject
Project("{9A19103F-16F7-4668-BE54-9A1E7A4F7556}") = "RazorComponentsExamples", "RazorComponentsExamples\RazorComponentsExamples.csproj", "{1DD6DF16-F30B-470B-AD51-1D3B82749AC3}"
EndProject
Project("{9A19103F-16F7-4668-BE54-9A1E7A4F7556}") = "BlazorDataBinding", "BlazorDataBinding\BlazorDataBinding.csproj", "{93D541DF-6562-4012-A920-5D53F2EF2E10}"
EndProject
Project("{9A19103F-16F7-4668-BE54-9A1E7A4F7556}") = "RazorComponentLifecycleDemo", "RazorComponentLifecycleDemo\RazorComponentLifecycleDemo.csproj", "{757E14EB-A535-4305-9A02-CDB1A6A52CAE}"
EndProject
Project("{9A19103F-16F7-4668-BE54-9A1E7A4F7556}") = "BlazorCodeBehindDemo", "BlazorCodeBehindDemo\BlazorCodeBehindDemo.csproj", "{6E302F9F-8F5B-4F07-BE81-B285921AD3B2}"
EndProject
Project("{9A19103F-16F7-4668-BE54-9A1E7A4F7556}") = "InbuiltComponentsDemo", "InbuiltComponentsDemo\InbuiltComponentsDemo.csproj", "{7C88C5DE-8C80-49A0-8B10-F8B1D8211718}"
EndProject
Project("{FAE04EC0-301F-11D3-BF4B-00C04F79EFBC}") = "TemplatedComponentsDemo", "TemplatedComponentsDemo\TemplatedComponentsDemo.csproj", "{DF24DD0D-1FF7-4BDF-BD76-53E93156952C}"
EndProject
Global
	GlobalSection(SolutionConfigurationPlatforms) = preSolution
		Debug|Any CPU = Debug|Any CPU
		Release|Any CPU = Release|Any CPU
	EndGlobalSection
	GlobalSection(ProjectConfigurationPlatforms) = postSolution
		{D133099F-9A46-47E5-8605-C0E0C416EB66}.Debug|Any CPU.ActiveCfg = Debug|Any CPU
		{D133099F-9A46-47E5-8605-C0E0C416EB66}.Debug|Any CPU.Build.0 = Debug|Any CPU
		{D133099F-9A46-47E5-8605-C0E0C416EB66}.Release|Any CPU.ActiveCfg = Release|Any CPU
		{D133099F-9A46-47E5-8605-C0E0C416EB66}.Release|Any CPU.Build.0 = Release|Any CPU
		{C4ED4258-837E-486D-A07F-B9EA61AAFCD9}.Debug|Any CPU.ActiveCfg = Debug|Any CPU
		{C4ED4258-837E-486D-A07F-B9EA61AAFCD9}.Debug|Any CPU.Build.0 = Debug|Any CPU
		{C4ED4258-837E-486D-A07F-B9EA61AAFCD9}.Release|Any CPU.ActiveCfg = Release|Any CPU
		{C4ED4258-837E-486D-A07F-B9EA61AAFCD9}.Release|Any CPU.Build.0 = Release|Any CPU
		{19B05C8A-7BBB-4178-BDCD-6C27D48F3007}.Debug|Any CPU.ActiveCfg = Debug|Any CPU
		{19B05C8A-7BBB-4178-BDCD-6C27D48F3007}.Debug|Any CPU.Build.0 = Debug|Any CPU
		{19B05C8A-7BBB-4178-BDCD-6C27D48F3007}.Release|Any CPU.ActiveCfg = Release|Any CPU
		{19B05C8A-7BBB-4178-BDCD-6C27D48F3007}.Release|Any CPU.Build.0 = Release|Any CPU
		{FD39D9AC-0933-4A74-A849-23D320B2AFE8}.Debug|Any CPU.ActiveCfg = Debug|Any CPU
		{FD39D9AC-0933-4A74-A849-23D320B2AFE8}.Debug|Any CPU.Build.0 = Debug|Any CPU
		{FD39D9AC-0933-4A74-A849-23D320B2AFE8}.Release|Any CPU.ActiveCfg = Release|Any CPU
		{FD39D9AC-0933-4A74-A849-23D320B2AFE8}.Release|Any CPU.Build.0 = Release|Any CPU
		{476B29A3-60EE-4721-B551-33F084C0A6A5}.Debug|Any CPU.ActiveCfg = Debug|Any CPU
		{476B29A3-60EE-4721-B551-33F084C0A6A5}.Debug|Any CPU.Build.0 = Debug|Any CPU
		{476B29A3-60EE-4721-B551-33F084C0A6A5}.Release|Any CPU.ActiveCfg = Release|Any CPU
		{476B29A3-60EE-4721-B551-33F084C0A6A5}.Release|Any CPU.Build.0 = Release|Any CPU
		{742AE024-2C7F-491D-A0CF-9DAC4BA6CAC7}.Debug|Any CPU.ActiveCfg = Debug|Any CPU
		{742AE024-2C7F-491D-A0CF-9DAC4BA6CAC7}.Debug|Any CPU.Build.0 = Debug|Any CPU
		{742AE024-2C7F-491D-A0CF-9DAC4BA6CAC7}.Release|Any CPU.ActiveCfg = Release|Any CPU
		{742AE024-2C7F-491D-A0CF-9DAC4BA6CAC7}.Release|Any CPU.Build.0 = Release|Any CPU
		{40ED151C-1A75-4748-9C01-CF347814FF94}.Debug|Any CPU.ActiveCfg = Debug|Any CPU
		{40ED151C-1A75-4748-9C01-CF347814FF94}.Debug|Any CPU.Build.0 = Debug|Any CPU
		{40ED151C-1A75-4748-9C01-CF347814FF94}.Release|Any CPU.ActiveCfg = Release|Any CPU
		{40ED151C-1A75-4748-9C01-CF347814FF94}.Release|Any CPU.Build.0 = Release|Any CPU
		{0C47C72F-5240-4C6F-8620-C33A71EC5291}.Debug|Any CPU.ActiveCfg = Debug|Any CPU
		{0C47C72F-5240-4C6F-8620-C33A71EC5291}.Debug|Any CPU.Build.0 = Debug|Any CPU
		{0C47C72F-5240-4C6F-8620-C33A71EC5291}.Release|Any CPU.ActiveCfg = Release|Any CPU
		{0C47C72F-5240-4C6F-8620-C33A71EC5291}.Release|Any CPU.Build.0 = Release|Any CPU
		{1DD6DF16-F30B-470B-AD51-1D3B82749AC3}.Debug|Any CPU.ActiveCfg = Debug|Any CPU
		{1DD6DF16-F30B-470B-AD51-1D3B82749AC3}.Debug|Any CPU.Build.0 = Debug|Any CPU
		{1DD6DF16-F30B-470B-AD51-1D3B82749AC3}.Release|Any CPU.ActiveCfg = Release|Any CPU
		{1DD6DF16-F30B-470B-AD51-1D3B82749AC3}.Release|Any CPU.Build.0 = Release|Any CPU
		{93D541DF-6562-4012-A920-5D53F2EF2E10}.Debug|Any CPU.ActiveCfg = Debug|Any CPU
		{93D541DF-6562-4012-A920-5D53F2EF2E10}.Debug|Any CPU.Build.0 = Debug|Any CPU
		{93D541DF-6562-4012-A920-5D53F2EF2E10}.Release|Any CPU.ActiveCfg = Release|Any CPU
		{93D541DF-6562-4012-A920-5D53F2EF2E10}.Release|Any CPU.Build.0 = Release|Any CPU
		{757E14EB-A535-4305-9A02-CDB1A6A52CAE}.Debug|Any CPU.ActiveCfg = Debug|Any CPU
		{757E14EB-A535-4305-9A02-CDB1A6A52CAE}.Debug|Any CPU.Build.0 = Debug|Any CPU
		{757E14EB-A535-4305-9A02-CDB1A6A52CAE}.Release|Any CPU.ActiveCfg = Release|Any CPU
		{757E14EB-A535-4305-9A02-CDB1A6A52CAE}.Release|Any CPU.Build.0 = Release|Any CPU
		{6E302F9F-8F5B-4F07-BE81-B285921AD3B2}.Debug|Any CPU.ActiveCfg = Debug|Any CPU
		{6E302F9F-8F5B-4F07-BE81-B285921AD3B2}.Debug|Any CPU.Build.0 = Debug|Any CPU
		{6E302F9F-8F5B-4F07-BE81-B285921AD3B2}.Release|Any CPU.ActiveCfg = Release|Any CPU
		{6E302F9F-8F5B-4F07-BE81-B285921AD3B2}.Release|Any CPU.Build.0 = Release|Any CPU
		{7C88C5DE-8C80-49A0-8B10-F8B1D8211718}.Debug|Any CPU.ActiveCfg = Debug|Any CPU
		{7C88C5DE-8C80-49A0-8B10-F8B1D8211718}.Debug|Any CPU.Build.0 = Debug|Any CPU
		{7C88C5DE-8C80-49A0-8B10-F8B1D8211718}.Release|Any CPU.ActiveCfg = Release|Any CPU
		{7C88C5DE-8C80-49A0-8B10-F8B1D8211718}.Release|Any CPU.Build.0 = Release|Any CPU
		{DF24DD0D-1FF7-4BDF-BD76-53E93156952C}.Debug|Any CPU.ActiveCfg = Debug|Any CPU
		{DF24DD0D-1FF7-4BDF-BD76-53E93156952C}.Debug|Any CPU.Build.0 = Debug|Any CPU
		{DF24DD0D-1FF7-4BDF-BD76-53E93156952C}.Release|Any CPU.ActiveCfg = Release|Any CPU
		{DF24DD0D-1FF7-4BDF-BD76-53E93156952C}.Release|Any CPU.Build.0 = Release|Any CPU
	EndGlobalSection
	GlobalSection(SolutionProperties) = preSolution
		HideSolutionNode = FALSE
	EndGlobalSection
	GlobalSection(ExtensibilityGlobals) = postSolution
		SolutionGuid = {5708EE40-C740-4C50-BD98-796491FA1FAA}
	EndGlobalSection
EndGlobal
